
Microsoft Visual Studio Solution File, Format Version 12.00
# Visual Studio Version 17
VisualStudioVersion = 17.10.35122.118
MinimumVisualStudioVersion = 10.0.40219.1
Project("{00D1A9C2-B5F0-4AF3-8072-F6C62B433612}") = "PFDB_SQL", "PFDB_SQL\PFDB_SQL.sqlproj", "{E7C94A4A-0706-4371-B832-5CB5ABB8A25A}"
EndProject
Project("{FAE04EC0-301F-11D3-BF4B-00C04F79EFBC}") = "PF_ClassLibrary", "PF_ClassLibrary\PF_ClassLibrary.csproj", "{459D48A2-F777-4F2A-95F4-0846CE00B1B1}"
EndProject
Project("{FAE04EC0-301F-11D3-BF4B-00C04F79EFBC}") = "PF_Desktop", "PF_Desktop\PF_Desktop.csproj", "{E3625A95-9980-4DD9-A766-6377BA76DDE5}"
EndProject
Global
	GlobalSection(SolutionConfigurationPlatforms) = preSolution
		Debug|Any CPU = Debug|Any CPU
		Release|Any CPU = Release|Any CPU
	EndGlobalSection
	GlobalSection(ProjectConfigurationPlatforms) = postSolution
		{E7C94A4A-0706-4371-B832-5CB5ABB8A25A}.Debug|Any CPU.ActiveCfg = Debug|Any CPU
		{E7C94A4A-0706-4371-B832-5CB5ABB8A25A}.Debug|Any CPU.Build.0 = Debug|Any CPU
		{E7C94A4A-0706-4371-B832-5CB5ABB8A25A}.Debug|Any CPU.Deploy.0 = Debug|Any CPU
		{E7C94A4A-0706-4371-B832-5CB5ABB8A25A}.Release|Any CPU.ActiveCfg = Release|Any CPU
		{E7C94A4A-0706-4371-B832-5CB5ABB8A25A}.Release|Any CPU.Build.0 = Release|Any CPU
		{E7C94A4A-0706-4371-B832-5CB5ABB8A25A}.Release|Any CPU.Deploy.0 = Release|Any CPU
		{459D48A2-F777-4F2A-95F4-0846CE00B1B1}.Debug|Any CPU.ActiveCfg = Debug|Any CPU
		{459D48A2-F777-4F2A-95F4-0846CE00B1B1}.Debug|Any CPU.Build.0 = Debug|Any CPU
		{459D48A2-F777-4F2A-95F4-0846CE00B1B1}.Release|Any CPU.ActiveCfg = Release|Any CPU
		{459D48A2-F777-4F2A-95F4-0846CE00B1B1}.Release|Any CPU.Build.0 = Release|Any CPU
		{E3625A95-9980-4DD9-A766-6377BA76DDE5}.Debug|Any CPU.ActiveCfg = Debug|Any CPU
		{E3625A95-9980-4DD9-A766-6377BA76DDE5}.Debug|Any CPU.Build.0 = Debug|Any CPU
		{E3625A95-9980-4DD9-A766-6377BA76DDE5}.Release|Any CPU.ActiveCfg = Release|Any CPU
		{E3625A95-9980-4DD9-A766-6377BA76DDE5}.Release|Any CPU.Build.0 = Release|Any CPU
	EndGlobalSection
	GlobalSection(SolutionProperties) = preSolution
		HideSolutionNode = FALSE
	EndGlobalSection
	GlobalSection(ExtensibilityGlobals) = postSolution
		SolutionGuid = {CAD96EDF-9CA0-4CA3-82F2-AF994FB30FF5}
	EndGlobalSection
EndGlobal
